# This file was autogenerated by Stack.
# You should not edit this file by hand.
# For more information, please see the documentation at:
#   https://docs.haskellstack.org/en/stable/lock_files

packages:
- completed:
    hackage: generics-eot-0.4.0.1@sha256:3d8df1d8ca010238ec5f20ba30282daa0fac99c7de495fae64e26a7ea1dadb08,2312
    pantry-tree:
      size: 1384
      sha256: 0895826ac5485a85e6fa37ae2b76195872fa2d92e901478c42d0690fc206a5ab
  original:
    hackage: generics-eot-0.4.0.1@sha256:3d8df1d8ca010238ec5f20ba30282daa0fac99c7de495fae64e26a7ea1dadb08,2312
snapshots:
- completed:
    size: 555280
    url: https://raw.githubusercontent.com/commercialhaskell/stackage-snapshots/master/nightly/2020/12/3.yaml
    sha256: f0c88c9cb1e626b5f6ac3e8126d361201e9e3eb5570a556e0469e7f2cc34c086
  original: nightly-2020-12-03
