# This file was autogenerated by Stack.
# You should not edit this file by hand.
# For more information, please see the documentation at:
#   https://docs.haskellstack.org/en/stable/lock_files

packages: []
snapshots:
- completed:
    sha256: e4162106c3c7d9a71f1034ab31582fbeee1cc5b3266a49c0d52f577a6002df8e
    size: 559903
    url: https://raw.githubusercontent.com/commercialhaskell/stackage-snapshots/master/nightly/2023/7/25.yaml
  original: nightly-2023-07-25
