# This file was autogenerated by Stack.
# You should not edit this file by hand.
# For more information, please see the documentation at:
#   https://docs.haskellstack.org/en/stable/topics/lock_files

packages:
- completed:
    hackage: annotated-exception-0.3.0.4@sha256:16aebcbf355df14ce39b676c54fb2bf415e94a24a785a7f557d753f158c09e4d,1785
    pantry-tree:
      sha256: f311d8e1a2f68bd4a9be458e8059da06381ea5080bf9b112e334c8bd5a22e991
      size: 776
  original:
    hackage: annotated-exception-0.3.0.4
snapshots:
- completed:
    sha256: 428ec8d5ce932190d3cbe266b9eb3c175cd81e984babf876b64019e2cbe4ea68
    size: 590100
    url: https://raw.githubusercontent.com/commercialhaskell/stackage-snapshots/master/lts/18/28.yaml
  original: lts-18.28
