# This file was autogenerated by Stack.
# You should not edit this file by hand.
# For more information, please see the documentation at:
#   https://docs.haskellstack.org/en/stable/lock_files

packages:
- completed:
    hackage: persistent-2.14.0.0@sha256:979c9f81262db174557fe8b1a4654e416497fadd273466598a6b331d96854b90,7019
    pantry-tree:
      size: 6511
      sha256: e5c36007dd5f14061b42609c967e77684bb9ab466064ac2a130822fc2a070c41
  original:
    hackage: persistent-2.14.0.0
snapshots:
- completed:
    size: 617355
    url: https://raw.githubusercontent.com/commercialhaskell/stackage-snapshots/master/lts/19/1.yaml
    sha256: cbd5e8593869445794924668479b5bd9f1738d075898623dceacc13b2576b6e3
  original: lts-19.1
